
Microsoft Visual Studio Solution File, Format Version 12.00
# Visual Studio Version 17
VisualStudioVersion = 17.11.35312.102
MinimumVisualStudioVersion = 10.0.40219.1
Project("{FAE04EC0-301F-11D3-BF4B-00C04F79EFBC}") = "01-Addierer", "01-Addierer\01-Addierer.csproj", "{D1E7B61E-1EC1-43F2-B8B1-85B96642176E}"
EndProject
Project("{FAE04EC0-301F-11D3-BF4B-00C04F79EFBC}") = "02-SekundenMonat", "02-SekundenMonat\02-SekundenMonat.csproj", "{794ADF4D-645A-44B7-8EFA-9C73B16B2E78}"
EndProject
Project("{FAE04EC0-301F-11D3-BF4B-00C04F79EFBC}") = "03-FlussdiagrammImplementieren1", "03-FlussdiagrammImplementieren\03-FlussdiagrammImplementieren1.csproj", "{D5287C32-7AE9-433B-A570-EAE512BA232E}"
EndProject
Project("{FAE04EC0-301F-11D3-BF4B-00C04F79EFBC}") = "04-Monatsnamen", "04-Monatsnamen\04-Monatsnamen.csproj", "{69456966-7FF0-4194-BC58-A8FE8008CE0D}"
EndProject
Project("{FAE04EC0-301F-11D3-BF4B-00C04F79EFBC}") = "05-FlussdiagrammImplementieren2", "05-FlussdiagrammImplementieren2\05-FlussdiagrammImplementieren2.csproj", "{0FF7AFDA-0DEC-4DD6-B830-268DC0DFD548}"
EndProject
Project("{FAE04EC0-301F-11D3-BF4B-00C04F79EFBC}") = "06-Kleines1x1", "06-Kleines1x1\06-Kleines1x1.csproj", "{BD209A7B-06D4-4370-8F14-3DDB9E13E797}"
EndProject
Project("{FAE04EC0-301F-11D3-BF4B-00C04F79EFBC}") = "07-Durch 3 oder 5 teilbare Zahlen", "07-Durch 3 oder 5 teilbare Zahlen\07-Durch 3 oder 5 teilbare Zahlen.csproj", "{4719DB56-B41D-413A-A877-A4BEBC7DE9AE}"
EndProject
Project("{FAE04EC0-301F-11D3-BF4B-00C04F79EFBC}") = "08-Eine Ganzzahl binär darstellen", "08-Eine Ganzzahl binär darstellen\08-Eine Ganzzahl binär darstellen.csproj", "{74AD1BA2-F05C-4C6E-9E6C-ADAFFEDFC134}"
EndProject
Project("{FAE04EC0-301F-11D3-BF4B-00C04F79EFBC}") = "09-Quersumme Berechnen", "09-Quersumme Berechnen\09-Quersumme Berechnen.csproj", "{ABC6BE7B-03F0-4122-B8DE-72C4807F3EBE}"
EndProject
Project("{FAE04EC0-301F-11D3-BF4B-00C04F79EFBC}") = "10-Durch Quersumme teilbare Zahlen", "10-Durch Quersumme teilbare Zahlen\10-Durch Quersumme teilbare Zahlen.csproj", "{02F05A7F-5CE7-49FF-B110-4863AAF8FC01}"
EndProject
Project("{FAE04EC0-301F-11D3-BF4B-00C04F79EFBC}") = "11-Eine diagonale Linie zechnen", "11-Eine diagonale Linie zechnen\11-Eine diagonale Linie zechnen.csproj", "{35ECF3C4-1DCB-4F19-A58E-64F66BBF1E5B}"
EndProject
Project("{FAE04EC0-301F-11D3-BF4B-00C04F79EFBC}") = "12-do-Schleife als while-Schleife implementieren", "12-do-Schleife als while-Schleife implementieren\12-do-Schleife als while-Schleife implementieren.csproj", "{7FBE4A8C-87E1-404F-946A-879DCF324DCF}"
EndProject
Project("{FAE04EC0-301F-11D3-BF4B-00C04F79EFBC}") = "13-Schaltjahr", "13-Schaltjahr\13-Schaltjahr.csproj", "{C527E643-AD5E-4C85-BB05-B27FF59DBE06}"
EndProject
Project("{FAE04EC0-301F-11D3-BF4B-00C04F79EFBC}") = "14-Tannenbaum zeichnen", "14-Tannenbaum zeichnen\14-Tannenbaum zeichnen.csproj", "{99AF0CA4-BE23-48F5-94D5-72551FADB422}"
EndProject
Global
	GlobalSection(SolutionConfigurationPlatforms) = preSolution
		Debug|Any CPU = Debug|Any CPU
		Release|Any CPU = Release|Any CPU
	EndGlobalSection
	GlobalSection(ProjectConfigurationPlatforms) = postSolution
		{D1E7B61E-1EC1-43F2-B8B1-85B96642176E}.Debug|Any CPU.ActiveCfg = Debug|Any CPU
		{D1E7B61E-1EC1-43F2-B8B1-85B96642176E}.Debug|Any CPU.Build.0 = Debug|Any CPU
		{D1E7B61E-1EC1-43F2-B8B1-85B96642176E}.Release|Any CPU.ActiveCfg = Release|Any CPU
		{D1E7B61E-1EC1-43F2-B8B1-85B96642176E}.Release|Any CPU.Build.0 = Release|Any CPU
		{794ADF4D-645A-44B7-8EFA-9C73B16B2E78}.Debug|Any CPU.ActiveCfg = Debug|Any CPU
		{794ADF4D-645A-44B7-8EFA-9C73B16B2E78}.Debug|Any CPU.Build.0 = Debug|Any CPU
		{794ADF4D-645A-44B7-8EFA-9C73B16B2E78}.Release|Any CPU.ActiveCfg = Release|Any CPU
		{794ADF4D-645A-44B7-8EFA-9C73B16B2E78}.Release|Any CPU.Build.0 = Release|Any CPU
		{D5287C32-7AE9-433B-A570-EAE512BA232E}.Debug|Any CPU.ActiveCfg = Debug|Any CPU
		{D5287C32-7AE9-433B-A570-EAE512BA232E}.Debug|Any CPU.Build.0 = Debug|Any CPU
		{D5287C32-7AE9-433B-A570-EAE512BA232E}.Release|Any CPU.ActiveCfg = Release|Any CPU
		{D5287C32-7AE9-433B-A570-EAE512BA232E}.Release|Any CPU.Build.0 = Release|Any CPU
		{69456966-7FF0-4194-BC58-A8FE8008CE0D}.Debug|Any CPU.ActiveCfg = Debug|Any CPU
		{69456966-7FF0-4194-BC58-A8FE8008CE0D}.Debug|Any CPU.Build.0 = Debug|Any CPU
		{69456966-7FF0-4194-BC58-A8FE8008CE0D}.Release|Any CPU.ActiveCfg = Release|Any CPU
		{69456966-7FF0-4194-BC58-A8FE8008CE0D}.Release|Any CPU.Build.0 = Release|Any CPU
		{0FF7AFDA-0DEC-4DD6-B830-268DC0DFD548}.Debug|Any CPU.ActiveCfg = Debug|Any CPU
		{0FF7AFDA-0DEC-4DD6-B830-268DC0DFD548}.Debug|Any CPU.Build.0 = Debug|Any CPU
		{0FF7AFDA-0DEC-4DD6-B830-268DC0DFD548}.Release|Any CPU.ActiveCfg = Release|Any CPU
		{0FF7AFDA-0DEC-4DD6-B830-268DC0DFD548}.Release|Any CPU.Build.0 = Release|Any CPU
		{BD209A7B-06D4-4370-8F14-3DDB9E13E797}.Debug|Any CPU.ActiveCfg = Debug|Any CPU
		{BD209A7B-06D4-4370-8F14-3DDB9E13E797}.Debug|Any CPU.Build.0 = Debug|Any CPU
		{BD209A7B-06D4-4370-8F14-3DDB9E13E797}.Release|Any CPU.ActiveCfg = Release|Any CPU
		{BD209A7B-06D4-4370-8F14-3DDB9E13E797}.Release|Any CPU.Build.0 = Release|Any CPU
		{4719DB56-B41D-413A-A877-A4BEBC7DE9AE}.Debug|Any CPU.ActiveCfg = Debug|Any CPU
		{4719DB56-B41D-413A-A877-A4BEBC7DE9AE}.Debug|Any CPU.Build.0 = Debug|Any CPU
		{4719DB56-B41D-413A-A877-A4BEBC7DE9AE}.Release|Any CPU.ActiveCfg = Release|Any CPU
		{4719DB56-B41D-413A-A877-A4BEBC7DE9AE}.Release|Any CPU.Build.0 = Release|Any CPU
		{74AD1BA2-F05C-4C6E-9E6C-ADAFFEDFC134}.Debug|Any CPU.ActiveCfg = Debug|Any CPU
		{74AD1BA2-F05C-4C6E-9E6C-ADAFFEDFC134}.Debug|Any CPU.Build.0 = Debug|Any CPU
		{74AD1BA2-F05C-4C6E-9E6C-ADAFFEDFC134}.Release|Any CPU.ActiveCfg = Release|Any CPU
		{74AD1BA2-F05C-4C6E-9E6C-ADAFFEDFC134}.Release|Any CPU.Build.0 = Release|Any CPU
		{ABC6BE7B-03F0-4122-B8DE-72C4807F3EBE}.Debug|Any CPU.ActiveCfg = Debug|Any CPU
		{ABC6BE7B-03F0-4122-B8DE-72C4807F3EBE}.Debug|Any CPU.Build.0 = Debug|Any CPU
		{ABC6BE7B-03F0-4122-B8DE-72C4807F3EBE}.Release|Any CPU.ActiveCfg = Release|Any CPU
		{ABC6BE7B-03F0-4122-B8DE-72C4807F3EBE}.Release|Any CPU.Build.0 = Release|Any CPU
		{02F05A7F-5CE7-49FF-B110-4863AAF8FC01}.Debug|Any CPU.ActiveCfg = Debug|Any CPU
		{02F05A7F-5CE7-49FF-B110-4863AAF8FC01}.Debug|Any CPU.Build.0 = Debug|Any CPU
		{02F05A7F-5CE7-49FF-B110-4863AAF8FC01}.Release|Any CPU.ActiveCfg = Release|Any CPU
		{02F05A7F-5CE7-49FF-B110-4863AAF8FC01}.Release|Any CPU.Build.0 = Release|Any CPU
		{35ECF3C4-1DCB-4F19-A58E-64F66BBF1E5B}.Debug|Any CPU.ActiveCfg = Debug|Any CPU
		{35ECF3C4-1DCB-4F19-A58E-64F66BBF1E5B}.Debug|Any CPU.Build.0 = Debug|Any CPU
		{35ECF3C4-1DCB-4F19-A58E-64F66BBF1E5B}.Release|Any CPU.ActiveCfg = Release|Any CPU
		{35ECF3C4-1DCB-4F19-A58E-64F66BBF1E5B}.Release|Any CPU.Build.0 = Release|Any CPU
		{7FBE4A8C-87E1-404F-946A-879DCF324DCF}.Debug|Any CPU.ActiveCfg = Debug|Any CPU
		{7FBE4A8C-87E1-404F-946A-879DCF324DCF}.Debug|Any CPU.Build.0 = Debug|Any CPU
		{7FBE4A8C-87E1-404F-946A-879DCF324DCF}.Release|Any CPU.ActiveCfg = Release|Any CPU
		{7FBE4A8C-87E1-404F-946A-879DCF324DCF}.Release|Any CPU.Build.0 = Release|Any CPU
		{C527E643-AD5E-4C85-BB05-B27FF59DBE06}.Debug|Any CPU.ActiveCfg = Debug|Any CPU
		{C527E643-AD5E-4C85-BB05-B27FF59DBE06}.Debug|Any CPU.Build.0 = Debug|Any CPU
		{C527E643-AD5E-4C85-BB05-B27FF59DBE06}.Release|Any CPU.ActiveCfg = Release|Any CPU
		{C527E643-AD5E-4C85-BB05-B27FF59DBE06}.Release|Any CPU.Build.0 = Release|Any CPU
		{99AF0CA4-BE23-48F5-94D5-72551FADB422}.Debug|Any CPU.ActiveCfg = Debug|Any CPU
		{99AF0CA4-BE23-48F5-94D5-72551FADB422}.Debug|Any CPU.Build.0 = Debug|Any CPU
		{99AF0CA4-BE23-48F5-94D5-72551FADB422}.Release|Any CPU.ActiveCfg = Release|Any CPU
		{99AF0CA4-BE23-48F5-94D5-72551FADB422}.Release|Any CPU.Build.0 = Release|Any CPU
	EndGlobalSection
	GlobalSection(SolutionProperties) = preSolution
		HideSolutionNode = FALSE
	EndGlobalSection
	GlobalSection(ExtensibilityGlobals) = postSolution
		SolutionGuid = {6FC798AA-8184-47E8-9753-F9CBB0631A9D}
	EndGlobalSection
EndGlobal
